
Microsoft Visual Studio Solution File, Format Version 12.00
# Visual Studio Version 17
VisualStudioVersion = 17.11.35312.102
MinimumVisualStudioVersion = 10.0.40219.1
Project("{FAE04EC0-301F-11D3-BF4B-00C04F79EFBC}") = "ClassTaskEnum", "ClassTaskEnum\ClassTaskEnum.csproj", "{EB790915-90B0-42F5-A2B7-D793910F3FE3}"
EndProject
Project("{FAE04EC0-301F-11D3-BF4B-00C04F79EFBC}") = "Core", "Core\Core.csproj", "{C17EC8E6-109C-4018-9E74-84F1FEC11813}"
EndProject
Global
	GlobalSection(SolutionConfigurationPlatforms) = preSolution
		Debug|Any CPU = Debug|Any CPU
		Release|Any CPU = Release|Any CPU
	EndGlobalSection
	GlobalSection(ProjectConfigurationPlatforms) = postSolution
		{EB790915-90B0-42F5-A2B7-D793910F3FE3}.Debug|Any CPU.ActiveCfg = Debug|Any CPU
		{EB790915-90B0-42F5-A2B7-D793910F3FE3}.Debug|Any CPU.Build.0 = Debug|Any CPU
		{EB790915-90B0-42F5-A2B7-D793910F3FE3}.Release|Any CPU.ActiveCfg = Release|Any CPU
		{EB790915-90B0-42F5-A2B7-D793910F3FE3}.Release|Any CPU.Build.0 = Release|Any CPU
		{C17EC8E6-109C-4018-9E74-84F1FEC11813}.Debug|Any CPU.ActiveCfg = Debug|Any CPU
		{C17EC8E6-109C-4018-9E74-84F1FEC11813}.Debug|Any CPU.Build.0 = Debug|Any CPU
		{C17EC8E6-109C-4018-9E74-84F1FEC11813}.Release|Any CPU.ActiveCfg = Release|Any CPU
		{C17EC8E6-109C-4018-9E74-84F1FEC11813}.Release|Any CPU.Build.0 = Release|Any CPU
	EndGlobalSection
	GlobalSection(SolutionProperties) = preSolution
		HideSolutionNode = FALSE
	EndGlobalSection
	GlobalSection(ExtensibilityGlobals) = postSolution
		SolutionGuid = {0FE4BBF3-DF1E-47DF-8D86-C7AB104C56E0}
	EndGlobalSection
EndGlobal
